<Solution>
  <Folder Name="/Элементы решения/">
    <File Path="global_tasks.md" />
    <File Path="QWEN.md" />
  </Folder>
  <Project Path="ReporterApp.Core/ReporterApp.Core.csproj" />
  <Project Path="ReporterApp.DAL/ReporterApp.DAL.csproj" />
  <Project Path="ReporterApp.MonthlyFuelReport/ReporterApp.MonthlyFuelReport.csproj" Id="4cfa32ba-a282-45d3-b00e-0b6d517a57b5" />
  <Project Path="ReporterApp.UnitTests/ReporterApp.UnitTests.csproj" />
  <Project Path="ReporterApp.WindowApp/ReporterApp.WindowApp.csproj" />
</Solution>
