
Microsoft Visual Studio Solution File, Format Version 12.00
# Visual Studio Version 17
VisualStudioVersion = 17.8.34511.84
MinimumVisualStudioVersion = 10.0.40219.1
Project("{9A19103F-16F7-4668-BE54-9A1E7A4F7556}") = "Reporter", "WpfApp1\Reporter.csproj", "{0557E22A-C45A-4179-ADD0-F50E68A0EDBE}"
EndProject
Project("{FAE04EC0-301F-11D3-BF4B-00C04F79EFBC}") = "Core", "Core\Core.csproj", "{61C6088E-6217-4AFA-934A-3CA091F822DB}"
EndProject
Global
	GlobalSection(SolutionConfigurationPlatforms) = preSolution
		Debug|Any CPU = Debug|Any CPU
		Release|Any CPU = Release|Any CPU
	EndGlobalSection
	GlobalSection(ProjectConfigurationPlatforms) = postSolution
		{0557E22A-C45A-4179-ADD0-F50E68A0EDBE}.Debug|Any CPU.ActiveCfg = Debug|Any CPU
		{0557E22A-C45A-4179-ADD0-F50E68A0EDBE}.Debug|Any CPU.Build.0 = Debug|Any CPU
		{0557E22A-C45A-4179-ADD0-F50E68A0EDBE}.Release|Any CPU.ActiveCfg = Release|Any CPU
		{0557E22A-C45A-4179-ADD0-F50E68A0EDBE}.Release|Any CPU.Build.0 = Release|Any CPU
		{61C6088E-6217-4AFA-934A-3CA091F822DB}.Debug|Any CPU.ActiveCfg = Debug|Any CPU
		{61C6088E-6217-4AFA-934A-3CA091F822DB}.Debug|Any CPU.Build.0 = Debug|Any CPU
		{61C6088E-6217-4AFA-934A-3CA091F822DB}.Release|Any CPU.ActiveCfg = Release|Any CPU
		{61C6088E-6217-4AFA-934A-3CA091F822DB}.Release|Any CPU.Build.0 = Release|Any CPU
	EndGlobalSection
	GlobalSection(SolutionProperties) = preSolution
		HideSolutionNode = FALSE
	EndGlobalSection
	GlobalSection(ExtensibilityGlobals) = postSolution
		SolutionGuid = {59EB0986-BCB5-44EF-A6F4-E4E5BD8085E5}
	EndGlobalSection
EndGlobal
